// !$*UTF8*$!
{
	archiveVersion = 1;
	classes = {
	};
	objectVersion = 46;
	objects = {

/* Begin PBXBuildFile section */
		467ADE1A1C8FA5F70011FBCE /* AppDelegate.swift in Sources */ = {isa = PBXBuildFile; fileRef = 467ADE191C8FA5F70011FBCE /* AppDelegate.swift */; };
		467ADE1C1C8FA5F70011FBCE /* ViewController.swift in Sources */ = {isa = PBXBuildFile; fileRef = 467ADE1B1C8FA5F70011FBCE /* ViewController.swift */; };
		467ADE1F1C8FA5F70011FBCE /* Main.storyboard in Resources */ = {isa = PBXBuildFile; fileRef = 467ADE1D1C8FA5F70011FBCE /* Main.storyboard */; };
		467ADE211C8FA5F70011FBCE /* Assets.xcassets in Resources */ = {isa = PBXBuildFile; fileRef = 467ADE201C8FA5F70011FBCE /* Assets.xcassets */; };
		467ADE241C8FA5F70011FBCE /* LaunchScreen.storyboard in Resources */ = {isa = PBXBuildFile; fileRef = 467ADE221C8FA5F70011FBCE /* LaunchScreen.storyboard */; };
		F213FD4F7E2F4C959151E5A4 /* Pods_MappedOut.framework in Frameworks */ = {isa = PBXBuildFile; fileRef = D70B4C070715F2FC4A1F4BCD /* Pods_MappedOut.framework */; };
/* End PBXBuildFile section */

/* Begin PBXFileReference section */
		467ADE161C8FA5F70011FBCE /* MappedOut.app */ = {isa = PBXFileReference; explicitFileType = wrapper.application; includeInIndex = 0; path = MappedOut.app; sourceTree = BUILT_PRODUCTS_DIR; };
		467ADE191C8FA5F70011FBCE /* AppDelegate.swift */ = {isa = PBXFileReference; lastKnownFileType = sourcecode.swift; path = AppDelegate.swift; sourceTree = "<group>"; };
		467ADE1B1C8FA5F70011FBCE /* ViewController.swift */ = {isa = PBXFileReference; lastKnownFileType = sourcecode.swift; path = ViewController.swift; sourceTree = "<group>"; };
		467ADE1E1C8FA5F70011FBCE /* Base */ = {isa = PBXFileReference; lastKnownFileType = file.storyboard; name = Base; path = Base.lproj/Main.storyboard; sourceTree = "<group>"; };
		467ADE201C8FA5F70011FBCE /* Assets.xcassets */ = {isa = PBXFileReference; lastKnownFileType = folder.assetcatalog; path = Assets.xcassets; sourceTree = "<group>"; };
		467ADE231C8FA5F70011FBCE /* Base */ = {isa = PBXFileReference; lastKnownFileType = file.storyboard; name = Base; path = Base.lproj/LaunchScreen.storyboard; sourceTree = "<group>"; };
		467ADE251C8FA5F70011FBCE /* Info.plist */ = {isa = PBXFileReference; lastKnownFileType = text.plist.xml; path = Info.plist; sourceTree = "<group>"; };
		7F13FE826CA5A2A0161675A7 /* Pods-MappedOut.release.xcconfig */ = {isa = PBXFileReference; includeInIndex = 1; lastKnownFileType = text.xcconfig; name = "Pods-MappedOut.release.xcconfig"; path = "Pods/Target Support Files/Pods-MappedOut/Pods-MappedOut.release.xcconfig"; sourceTree = "<group>"; };
		D70B4C070715F2FC4A1F4BCD /* Pods_MappedOut.framework */ = {isa = PBXFileReference; explicitFileType = wrapper.framework; includeInIndex = 0; path = Pods_MappedOut.framework; sourceTree = BUILT_PRODUCTS_DIR; };
		F19200F4F697945CEF1A98BF /* Pods-MappedOut.debug.xcconfig */ = {isa = PBXFileReference; includeInIndex = 1; lastKnownFileType = text.xcconfig; name = "Pods-MappedOut.debug.xcconfig"; path = "Pods/Target Support Files/Pods-MappedOut/Pods-MappedOut.debug.xcconfig"; sourceTree = "<group>"; };
/* End PBXFileReference section */

/* Begin PBXFrameworksBuildPhase section */
		467ADE131C8FA5F70011FBCE /* Frameworks */ = {
			isa = PBXFrameworksBuildPhase;
			buildActionMask = 2147483647;
			files = (
				F213FD4F7E2F4C959151E5A4 /* Pods_MappedOut.framework in Frameworks */,
			);
			runOnlyForDeploymentPostprocessing = 0;
		};
/* End PBXFrameworksBuildPhase section */

/* Begin PBXGroup section */
		0FEDA1C3EF45F6AD6684E586 /* Pods */ = {
			isa = PBXGroup;
			children = (
				F19200F4F697945CEF1A98BF /* Pods-MappedOut.debug.xcconfig */,
				7F13FE826CA5A2A0161675A7 /* Pods-MappedOut.release.xcconfig */,
			);
			name = Pods;
			sourceTree = "<group>";
		};
		467ADE0D1C8FA5F70011FBCE = {
			isa = PBXGroup;
			children = (
				467ADE181C8FA5F70011FBCE /* MappedOut */,
				467ADE171C8FA5F70011FBCE /* Products */,
				0FEDA1C3EF45F6AD6684E586 /* Pods */,
				5AFD6C5FD0B523FACD78C239 /* Frameworks */,
			);
			sourceTree = "<group>";
		};
		467ADE171C8FA5F70011FBCE /* Products */ = {
			isa = PBXGroup;
			children = (
				467ADE161C8FA5F70011FBCE /* MappedOut.app */,
			);
			name = Products;
			sourceTree = "<group>";
		};
		467ADE181C8FA5F70011FBCE /* MappedOut */ = {
			isa = PBXGroup;
			children = (
				467ADE191C8FA5F70011FBCE /* AppDelegate.swift */,
				467ADE1B1C8FA5F70011FBCE /* ViewController.swift */,
				467ADE1D1C8FA5F70011FBCE /* Main.storyboard */,
				467ADE201C8FA5F70011FBCE /* Assets.xcassets */,
				467ADE221C8FA5F70011FBCE /* LaunchScreen.storyboard */,
				467ADE251C8FA5F70011FBCE /* Info.plist */,
			);
			path = MappedOut;
			sourceTree = "<group>";
		};
		5AFD6C5FD0B523FACD78C239 /* Frameworks */ = {
			isa = PBXGroup;
			children = (
				D70B4C070715F2FC4A1F4BCD /* Pods_MappedOut.framework */,
			);
			name = Frameworks;
			sourceTree = "<group>";
		};
/* End PBXGroup section */

/* Begin PBXNativeTarget section */
		467ADE151C8FA5F70011FBCE /* MappedOut */ = {
			isa = PBXNativeTarget;
			buildConfigurationList = 467ADE281C8FA5F70011FBCE /* Build configuration list for PBXNativeTarget "MappedOut" */;
			buildPhases = (
				C5EC9B20B667B1B6022C90B9 /* Check Pods Manifest.lock */,
				467ADE121C8FA5F70011FBCE /* Sources */,
				467ADE131C8FA5F70011FBCE /* Frameworks */,
				467ADE141C8FA5F70011FBCE /* Resources */,
				BAF49D3C6686079C3DFD94E8 /* Embed Pods Frameworks */,
				3ABA3F2B20DB70B5F44395CF /* Copy Pods Resources */,
			);
			buildRules = (
			);
			dependencies = (
			);
			name = MappedOut;
			productName = MappedOut;
			productReference = 467ADE161C8FA5F70011FBCE /* MappedOut.app */;
			productType = "com.apple.product-type.application";
		};
/* End PBXNativeTarget section */

/* Begin PBXProject section */
		467ADE0E1C8FA5F70011FBCE /* Project object */ = {
			isa = PBXProject;
			attributes = {
				LastSwiftUpdateCheck = 0720;
				LastUpgradeCheck = 0720;
				ORGANIZATIONNAME = Codepath;
				TargetAttributes = {
					467ADE151C8FA5F70011FBCE = {
						CreatedOnToolsVersion = 7.2;
					};
				};
			};
			buildConfigurationList = 467ADE111C8FA5F70011FBCE /* Build configuration list for PBXProject "MappedOut" */;
			compatibilityVersion = "Xcode 3.2";
			developmentRegion = English;
			hasScannedForEncodings = 0;
			knownRegions = (
				en,
				Base,
			);
			mainGroup = 467ADE0D1C8FA5F70011FBCE;
			productRefGroup = 467ADE171C8FA5F70011FBCE /* Products */;
			projectDirPath = "";
			projectRoot = "";
			targets = (
				467ADE151C8FA5F70011FBCE /* MappedOut */,
			);
		};
/* End PBXProject section */

/* Begin PBXResourcesBuildPhase section */
		467ADE141C8FA5F70011FBCE /* Resources */ = {
			isa = PBXResourcesBuildPhase;
			buildActionMask = 2147483647;
			files = (
				467ADE241C8FA5F70011FBCE /* LaunchScreen.storyboard in Resources */,
				467ADE211C8FA5F70011FBCE /* Assets.xcassets in Resources */,
				467ADE1F1C8FA5F70011FBCE /* Main.storyboard in Resources */,
			);
			runOnlyForDeploymentPostprocessing = 0;
		};
/* End PBXResourcesBuildPhase section */

/* Begin PBXShellScriptBuildPhase section */
		3ABA3F2B20DB70B5F44395CF /* Copy Pods Resources */ = {
			isa = PBXShellScriptBuildPhase;
			buildActionMask = 2147483647;
			files = (
			);
			inputPaths = (
			);
			name = "Copy Pods Resources";
			outputPaths = (
			);
			runOnlyForDeploymentPostprocessing = 0;
			shellPath = /bin/sh;
			shellScript = "\"${SRCROOT}/Pods/Target Support Files/Pods-MappedOut/Pods-MappedOut-resources.sh\"\n";
			showEnvVarsInLog = 0;
		};
		BAF49D3C6686079C3DFD94E8 /* Embed Pods Frameworks */ = {
			isa = PBXShellScriptBuildPhase;
			buildActionMask = 2147483647;
			files = (
			);
			inputPaths = (
			);
			name = "Embed Pods Frameworks";
			outputPaths = (
			);
			runOnlyForDeploymentPostprocessing = 0;
			shellPath = /bin/sh;
			shellScript = "\"${SRCROOT}/Pods/Target Support Files/Pods-MappedOut/Pods-MappedOut-frameworks.sh\"\n";
			showEnvVarsInLog = 0;
		};
		C5EC9B20B667B1B6022C90B9 /* Check Pods Manifest.lock */ = {
			isa = PBXShellScriptBuildPhase;
			buildActionMask = 2147483647;
			files = (
			);
			inputPaths = (
			);
			name = "Check Pods Manifest.lock";
			outputPaths = (
			);
			runOnlyForDeploymentPostprocessing = 0;
			shellPath = /bin/sh;
			shellScript = "diff \"${PODS_ROOT}/../Podfile.lock\" \"${PODS_ROOT}/Manifest.lock\" > /dev/null\nif [[ $? != 0 ]] ; then\n    cat << EOM\nerror: The sandbox is not in sync with the Podfile.lock. Run 'pod install' or update your CocoaPods installation.\nEOM\n    exit 1\nfi\n";
			showEnvVarsInLog = 0;
		};
/* End PBXShellScriptBuildPhase section */

/* Begin PBXSourcesBuildPhase section */
		467ADE121C8FA5F70011FBCE /* Sources */ = {
			isa = PBXSourcesBuildPhase;
			buildActionMask = 2147483647;
			files = (
				467ADE1C1C8FA5F70011FBCE /* ViewController.swift in Sources */,
				467ADE1A1C8FA5F70011FBCE /* AppDelegate.swift in Sources */,
			);
			runOnlyForDeploymentPostprocessing = 0;
		};
/* End PBXSourcesBuildPhase section */

/* Begin PBXVariantGroup section */
		467ADE1D1C8FA5F70011FBCE /* Main.storyboard */ = {
			isa = PBXVariantGroup;
			children = (
				467ADE1E1C8FA5F70011FBCE /* Base */,
			);
			name = Main.storyboard;
			sourceTree = "<group>";
		};
		467ADE221C8FA5F70011FBCE /* LaunchScreen.storyboard */ = {
			isa = PBXVariantGroup;
			children = (
				467ADE231C8FA5F70011FBCE /* Base */,
			);
			name = LaunchScreen.storyboard;
			sourceTree = "<group>";
		};
/* End PBXVariantGroup section */

/* Begin XCBuildConfiguration section */
		467ADE261C8FA5F70011FBCE /* Debug */ = {
			isa = XCBuildConfiguration;
			buildSettings = {
				ALWAYS_SEARCH_USER_PATHS = NO;
				CLANG_CXX_LANGUAGE_STANDARD = "gnu++0x";
				CLANG_CXX_LIBRARY = "libc++";
				CLANG_ENABLE_MODULES = YES;
				CLANG_ENABLE_OBJC_ARC = YES;
				CLANG_WARN_BOOL_CONVERSION = YES;
				CLANG_WARN_CONSTANT_CONVERSION = YES;
				CLANG_WARN_DIRECT_OBJC_ISA_USAGE = YES_ERROR;
				CLANG_WARN_EMPTY_BODY = YES;
				CLANG_WARN_ENUM_CONVERSION = YES;
				CLANG_WARN_INT_CONVERSION = YES;
				CLANG_WARN_OBJC_ROOT_CLASS = YES_ERROR;
				CLANG_WARN_UNREACHABLE_CODE = YES;
				CLANG_WARN__DUPLICATE_METHOD_MATCH = YES;
				"CODE_SIGN_IDENTITY[sdk=iphoneos*]" = "iPhone Developer";
				COPY_PHASE_STRIP = NO;
				DEBUG_INFORMATION_FORMAT = dwarf;
				ENABLE_STRICT_OBJC_MSGSEND = YES;
				ENABLE_TESTABILITY = YES;
				GCC_C_LANGUAGE_STANDARD = gnu99;
				GCC_DYNAMIC_NO_PIC = NO;
				GCC_NO_COMMON_BLOCKS = YES;
				GCC_OPTIMIZATION_LEVEL = 0;
				GCC_PREPROCESSOR_DEFINITIONS = (
					"DEBUG=1",
					"$(inherited)",
				);
				GCC_WARN_64_TO_32_BIT_CONVERSION = YES;
				GCC_WARN_ABOUT_RETURN_TYPE = YES_ERROR;
				GCC_WARN_UNDECLARED_SELECTOR = YES;
				GCC_WARN_UNINITIALIZED_AUTOS = YES_AGGRESSIVE;
				GCC_WARN_UNUSED_FUNCTION = YES;
				GCC_WARN_UNUSED_VARIABLE = YES;
				IPHONEOS_DEPLOYMENT_TARGET = 9.2;
				MTL_ENABLE_DEBUG_INFO = YES;
				ONLY_ACTIVE_ARCH = YES;
				SDKROOT = iphoneos;
				SWIFT_OPTIMIZATION_LEVEL = "-Onone";
			};
			name = Debug;
		};
		467ADE271C8FA5F70011FBCE /* Release */ = {
			isa = XCBuildConfiguration;
			buildSettings = {
				ALWAYS_SEARCH_USER_PATHS = NO;
				CLANG_CXX_LANGUAGE_STANDARD = "gnu++0x";
				CLANG_CXX_LIBRARY = "libc++";
				CLANG_ENABLE_MODULES = YES;
				CLANG_ENABLE_OBJC_ARC = YES;
				CLANG_WARN_BOOL_CONVERSION = YES;
				CLANG_WARN_CONSTANT_CONVERSION = YES;
				CLANG_WARN_DIRECT_OBJC_ISA_USAGE = YES_ERROR;
				CLANG_WARN_EMPTY_BODY = YES;
				CLANG_WARN_ENUM_CONVERSION = YES;
				CLANG_WARN_INT_CONVERSION = YES;
				CLANG_WARN_OBJC_ROOT_CLASS = YES_ERROR;
				CLANG_WARN_UNREACHABLE_CODE = YES;
				CLANG_WARN__DUPLICATE_METHOD_MATCH = YES;
				"CODE_SIGN_IDENTITY[sdk=iphoneos*]" = "iPhone Developer";
				COPY_PHASE_STRIP = NO;
				DEBUG_INFORMATION_FORMAT = "dwarf-with-dsym";
				ENABLE_NS_ASSERTIONS = NO;
				ENABLE_STRICT_OBJC_MSGSEND = YES;
				GCC_C_LANGUAGE_STANDARD = gnu99;
				GCC_NO_COMMON_BLOCKS = YES;
				GCC_WARN_64_TO_32_BIT_CONVERSION = YES;
				GCC_WARN_ABOUT_RETURN_TYPE = YES_ERROR;
				GCC_WARN_UNDECLARED_SELECTOR = YES;
				GCC_WARN_UNINITIALIZED_AUTOS = YES_AGGRESSIVE;
				GCC_WARN_UNUSED_FUNCTION = YES;
				GCC_WARN_UNUSED_VARIABLE = YES;
				IPHONEOS_DEPLOYMENT_TARGET = 9.2;
				MTL_ENABLE_DEBUG_INFO = NO;
				SDKROOT = iphoneos;
				VALIDATE_PRODUCT = YES;
			};
			name = Release;
		};
		467ADE291C8FA5F70011FBCE /* Debug */ = {
			isa = XCBuildConfiguration;
			baseConfigurationReference = F19200F4F697945CEF1A98BF /* Pods-MappedOut.debug.xcconfig */;
			buildSettings = {
				ASSETCATALOG_COMPILER_APPICON_NAME = AppIcon;
				CODE_SIGN_IDENTITY = "iPhone Developer";
				INFOPLIST_FILE = MappedOut/Info.plist;
				LD_RUNPATH_SEARCH_PATHS = "$(inherited) @executable_path/Frameworks";
				PRODUCT_BUNDLE_IDENTIFIER = CP.MappedOut;
				PRODUCT_NAME = "$(TARGET_NAME)";
			};
			name = Debug;
		};
		467ADE2A1C8FA5F70011FBCE /* Release */ = {
			isa = XCBuildConfiguration;
			baseConfigurationReference = 7F13FE826CA5A2A0161675A7 /* Pods-MappedOut.release.xcconfig */;
			buildSettings = {
				ASSETCATALOG_COMPILER_APPICON_NAME = AppIcon;
				CODE_SIGN_IDENTITY = "iPhone Developer";
				INFOPLIST_FILE = MappedOut/Info.plist;
				LD_RUNPATH_SEARCH_PATHS = "$(inherited) @executable_path/Frameworks";
				PRODUCT_BUNDLE_IDENTIFIER = CP.MappedOut;
				PRODUCT_NAME = "$(TARGET_NAME)";
			};
			name = Release;
		};
/* End XCBuildConfiguration section */

/* Begin XCConfigurationList section */
		467ADE111C8FA5F70011FBCE /* Build configuration list for PBXProject "MappedOut" */ = {
			isa = XCConfigurationList;
			buildConfigurations = (
				467ADE261C8FA5F70011FBCE /* Debug */,
				467ADE271C8FA5F70011FBCE /* Release */,
			);
			defaultConfigurationIsVisible = 0;
			defaultConfigurationName = Release;
		};
		467ADE281C8FA5F70011FBCE /* Build configuration list for PBXNativeTarget "MappedOut" */ = {
			isa = XCConfigurationList;
			buildConfigurations = (
				467ADE291C8FA5F70011FBCE /* Debug */,
				467ADE2A1C8FA5F70011FBCE /* Release */,
			);
			defaultConfigurationIsVisible = 0;
			defaultConfigurationName = Release;
		};
/* End XCConfigurationList section */
	};
	rootObject = 467ADE0E1C8FA5F70011FBCE /* Project object */;
}
